
Microsoft Visual Studio Solution File, Format Version 12.00
# Visual Studio Version 16
VisualStudioVersion = 16.0.30114.105
MinimumVisualStudioVersion = 10.0.40219.1
Project("{FAE04EC0-301F-11D3-BF4B-00C04F79EFBC}") = "application", "Api.Application\application.csproj", "{A96B7E8E-5ECD-4349-8F94-6AB69BD57E6A}"
EndProject
Project("{FAE04EC0-301F-11D3-BF4B-00C04F79EFBC}") = "Domain", "Api.Domain\Domain.csproj", "{7CBAB81E-C4A7-40DC-818E-5E9BB8105FE5}"
EndProject
Project("{FAE04EC0-301F-11D3-BF4B-00C04F79EFBC}") = "CrossCutting", "Api.CrossCutting\CrossCutting.csproj", "{0AEB53BB-F8DE-48AD-8ACD-056D9C5BBF1C}"
EndProject
Global
	GlobalSection(SolutionConfigurationPlatforms) = preSolution
		Debug|Any CPU = Debug|Any CPU
		Debug|x64 = Debug|x64
		Debug|x86 = Debug|x86
		Release|Any CPU = Release|Any CPU
		Release|x64 = Release|x64
		Release|x86 = Release|x86
	EndGlobalSection
	GlobalSection(SolutionProperties) = preSolution
		HideSolutionNode = FALSE
	EndGlobalSection
	GlobalSection(ProjectConfigurationPlatforms) = postSolution
		{A96B7E8E-5ECD-4349-8F94-6AB69BD57E6A}.Debug|Any CPU.ActiveCfg = Debug|Any CPU
		{A96B7E8E-5ECD-4349-8F94-6AB69BD57E6A}.Debug|Any CPU.Build.0 = Debug|Any CPU
		{A96B7E8E-5ECD-4349-8F94-6AB69BD57E6A}.Debug|x64.ActiveCfg = Debug|Any CPU
		{A96B7E8E-5ECD-4349-8F94-6AB69BD57E6A}.Debug|x64.Build.0 = Debug|Any CPU
		{A96B7E8E-5ECD-4349-8F94-6AB69BD57E6A}.Debug|x86.ActiveCfg = Debug|Any CPU
		{A96B7E8E-5ECD-4349-8F94-6AB69BD57E6A}.Debug|x86.Build.0 = Debug|Any CPU
		{A96B7E8E-5ECD-4349-8F94-6AB69BD57E6A}.Release|Any CPU.ActiveCfg = Release|Any CPU
		{A96B7E8E-5ECD-4349-8F94-6AB69BD57E6A}.Release|Any CPU.Build.0 = Release|Any CPU
		{A96B7E8E-5ECD-4349-8F94-6AB69BD57E6A}.Release|x64.ActiveCfg = Release|Any CPU
		{A96B7E8E-5ECD-4349-8F94-6AB69BD57E6A}.Release|x64.Build.0 = Release|Any CPU
		{A96B7E8E-5ECD-4349-8F94-6AB69BD57E6A}.Release|x86.ActiveCfg = Release|Any CPU
		{A96B7E8E-5ECD-4349-8F94-6AB69BD57E6A}.Release|x86.Build.0 = Release|Any CPU
		{7CBAB81E-C4A7-40DC-818E-5E9BB8105FE5}.Debug|Any CPU.ActiveCfg = Debug|Any CPU
		{7CBAB81E-C4A7-40DC-818E-5E9BB8105FE5}.Debug|Any CPU.Build.0 = Debug|Any CPU
		{7CBAB81E-C4A7-40DC-818E-5E9BB8105FE5}.Debug|x64.ActiveCfg = Debug|Any CPU
		{7CBAB81E-C4A7-40DC-818E-5E9BB8105FE5}.Debug|x64.Build.0 = Debug|Any CPU
		{7CBAB81E-C4A7-40DC-818E-5E9BB8105FE5}.Debug|x86.ActiveCfg = Debug|Any CPU
		{7CBAB81E-C4A7-40DC-818E-5E9BB8105FE5}.Debug|x86.Build.0 = Debug|Any CPU
		{7CBAB81E-C4A7-40DC-818E-5E9BB8105FE5}.Release|Any CPU.ActiveCfg = Release|Any CPU
		{7CBAB81E-C4A7-40DC-818E-5E9BB8105FE5}.Release|Any CPU.Build.0 = Release|Any CPU
		{7CBAB81E-C4A7-40DC-818E-5E9BB8105FE5}.Release|x64.ActiveCfg = Release|Any CPU
		{7CBAB81E-C4A7-40DC-818E-5E9BB8105FE5}.Release|x64.Build.0 = Release|Any CPU
		{7CBAB81E-C4A7-40DC-818E-5E9BB8105FE5}.Release|x86.ActiveCfg = Release|Any CPU
		{7CBAB81E-C4A7-40DC-818E-5E9BB8105FE5}.Release|x86.Build.0 = Release|Any CPU
		{0AEB53BB-F8DE-48AD-8ACD-056D9C5BBF1C}.Debug|Any CPU.ActiveCfg = Debug|Any CPU
		{0AEB53BB-F8DE-48AD-8ACD-056D9C5BBF1C}.Debug|Any CPU.Build.0 = Debug|Any CPU
		{0AEB53BB-F8DE-48AD-8ACD-056D9C5BBF1C}.Debug|x64.ActiveCfg = Debug|Any CPU
		{0AEB53BB-F8DE-48AD-8ACD-056D9C5BBF1C}.Debug|x64.Build.0 = Debug|Any CPU
		{0AEB53BB-F8DE-48AD-8ACD-056D9C5BBF1C}.Debug|x86.ActiveCfg = Debug|Any CPU
		{0AEB53BB-F8DE-48AD-8ACD-056D9C5BBF1C}.Debug|x86.Build.0 = Debug|Any CPU
		{0AEB53BB-F8DE-48AD-8ACD-056D9C5BBF1C}.Release|Any CPU.ActiveCfg = Release|Any CPU
		{0AEB53BB-F8DE-48AD-8ACD-056D9C5BBF1C}.Release|Any CPU.Build.0 = Release|Any CPU
		{0AEB53BB-F8DE-48AD-8ACD-056D9C5BBF1C}.Release|x64.ActiveCfg = Release|Any CPU
		{0AEB53BB-F8DE-48AD-8ACD-056D9C5BBF1C}.Release|x64.Build.0 = Release|Any CPU
		{0AEB53BB-F8DE-48AD-8ACD-056D9C5BBF1C}.Release|x86.ActiveCfg = Release|Any CPU
		{0AEB53BB-F8DE-48AD-8ACD-056D9C5BBF1C}.Release|x86.Build.0 = Release|Any CPU
	EndGlobalSection
EndGlobal
